
Microsoft Visual Studio Solution File, Format Version 12.00
# Visual Studio Version 17
VisualStudioVersion = 17.7.34031.279
MinimumVisualStudioVersion = 10.0.40219.1
Project("{FAE04EC0-301F-11D3-BF4B-00C04F79EFBC}") = "ShapeLibrary", "ShapeLibrary\ShapeLibrary.csproj", "{1194B07F-CED8-4250-B363-7CC897735A05}"
EndProject
Project("{FAE04EC0-301F-11D3-BF4B-00C04F79EFBC}") = "ShapeLibrary.Tests", "ShapeLibrary.Tests\ShapeLibrary.Tests.csproj", "{DBDE93B8-DD0F-4E99-AC70-668365800D3C}"
EndProject
Global
	GlobalSection(SolutionConfigurationPlatforms) = preSolution
		Debug|Any CPU = Debug|Any CPU
		Release|Any CPU = Release|Any CPU
	EndGlobalSection
	GlobalSection(ProjectConfigurationPlatforms) = postSolution
		{1194B07F-CED8-4250-B363-7CC897735A05}.Debug|Any CPU.ActiveCfg = Debug|Any CPU
		{1194B07F-CED8-4250-B363-7CC897735A05}.Debug|Any CPU.Build.0 = Debug|Any CPU
		{1194B07F-CED8-4250-B363-7CC897735A05}.Release|Any CPU.ActiveCfg = Release|Any CPU
		{1194B07F-CED8-4250-B363-7CC897735A05}.Release|Any CPU.Build.0 = Release|Any CPU
		{DBDE93B8-DD0F-4E99-AC70-668365800D3C}.Debug|Any CPU.ActiveCfg = Debug|Any CPU
		{DBDE93B8-DD0F-4E99-AC70-668365800D3C}.Debug|Any CPU.Build.0 = Debug|Any CPU
		{DBDE93B8-DD0F-4E99-AC70-668365800D3C}.Release|Any CPU.ActiveCfg = Release|Any CPU
		{DBDE93B8-DD0F-4E99-AC70-668365800D3C}.Release|Any CPU.Build.0 = Release|Any CPU
	EndGlobalSection
	GlobalSection(SolutionProperties) = preSolution
		HideSolutionNode = FALSE
	EndGlobalSection
	GlobalSection(ExtensibilityGlobals) = postSolution
		SolutionGuid = {B3FD216C-6C2A-4524-A8AC-ADDBDD357C1D}
	EndGlobalSection
EndGlobal
